{
  "name": "node_test",
  "version": "1.0.0",
  "lockfileVersion": 1,
  "requires": true,
  "dependencies": {
    "ccxt": {
      "version": "1.90.88",
      "resolved": "https://registry.npmjs.org/ccxt/-/ccxt-1.90.88.tgz",
      "integrity": "sha512-SUFBnlnHpuC8369e16Q2zcr7GEMseO86y+1IJhZctpdBYq3AAYxx8A8t6NdrZ9qRK6mYMxuBcUStdbJjYCr9BQ=="
    },
    "nodemailer": {
      "version": "6.7.7",
      "resolved": "https://registry.npmjs.org/nodemailer/-/nodemailer-6.7.7.tgz",
      "integrity": "sha512-pOLC/s+2I1EXuSqO5Wa34i3kXZG3gugDssH+ZNCevHad65tc8vQlCQpOLaUjopvkRQKm2Cki2aME7fEOPRy3bA=="
    }
  }
}
